
Microsoft Visual Studio Solution File, Format Version 12.00
# Visual Studio Version 17
VisualStudioVersion = 17.13.35931.197 d17.13
MinimumVisualStudioVersion = 10.0.40219.1
Project("{FAE04EC0-301F-11D3-BF4B-00C04F79EFBC}") = "api_images_downloader", "api_images_downloader\api_images_downloader.csproj", "{272AD889-D432-4F9E-812F-399A13D25DE3}"
EndProject
Global
	GlobalSection(SolutionConfigurationPlatforms) = preSolution
		Debug|Any CPU = Debug|Any CPU
		Release|Any CPU = Release|Any CPU
	EndGlobalSection
	GlobalSection(ProjectConfigurationPlatforms) = postSolution
		{272AD889-D432-4F9E-812F-399A13D25DE3}.Debug|Any CPU.ActiveCfg = Debug|Any CPU
		{272AD889-D432-4F9E-812F-399A13D25DE3}.Debug|Any CPU.Build.0 = Debug|Any CPU
		{272AD889-D432-4F9E-812F-399A13D25DE3}.Release|Any CPU.ActiveCfg = Release|Any CPU
		{272AD889-D432-4F9E-812F-399A13D25DE3}.Release|Any CPU.Build.0 = Release|Any CPU
	EndGlobalSection
	GlobalSection(SolutionProperties) = preSolution
		HideSolutionNode = FALSE
	EndGlobalSection
	GlobalSection(ExtensibilityGlobals) = postSolution
		SolutionGuid = {4490E04D-EC99-45B9-97B3-111F605ABAD7}
	EndGlobalSection
EndGlobal
